
Microsoft Visual Studio Solution File, Format Version 12.00
# Visual Studio Version 17
VisualStudioVersion = 17.1.32414.318
MinimumVisualStudioVersion = 10.0.40219.1
Project("{FAE04EC0-301F-11D3-BF4B-00C04F79EFBC}") = "PageModel", "session5hw\PageModel\PageModel.csproj", "{AAC6E662-DFE3-49DF-915A-B7229F4A5787}"
EndProject
Project("{FAE04EC0-301F-11D3-BF4B-00C04F79EFBC}") = "Tests", "session5hw\Tests\Tests.csproj", "{652F7529-F8AD-49F8-BB01-F5C8F90BE108}"
EndProject
Global
	GlobalSection(SolutionConfigurationPlatforms) = preSolution
		Debug|Any CPU = Debug|Any CPU
		Release|Any CPU = Release|Any CPU
	EndGlobalSection
	GlobalSection(ProjectConfigurationPlatforms) = postSolution
		{AAC6E662-DFE3-49DF-915A-B7229F4A5787}.Debug|Any CPU.ActiveCfg = Debug|Any CPU
		{AAC6E662-DFE3-49DF-915A-B7229F4A5787}.Debug|Any CPU.Build.0 = Debug|Any CPU
		{AAC6E662-DFE3-49DF-915A-B7229F4A5787}.Release|Any CPU.ActiveCfg = Release|Any CPU
		{AAC6E662-DFE3-49DF-915A-B7229F4A5787}.Release|Any CPU.Build.0 = Release|Any CPU
		{652F7529-F8AD-49F8-BB01-F5C8F90BE108}.Debug|Any CPU.ActiveCfg = Debug|Any CPU
		{652F7529-F8AD-49F8-BB01-F5C8F90BE108}.Debug|Any CPU.Build.0 = Debug|Any CPU
		{652F7529-F8AD-49F8-BB01-F5C8F90BE108}.Release|Any CPU.ActiveCfg = Release|Any CPU
		{652F7529-F8AD-49F8-BB01-F5C8F90BE108}.Release|Any CPU.Build.0 = Release|Any CPU
	EndGlobalSection
	GlobalSection(SolutionProperties) = preSolution
		HideSolutionNode = FALSE
	EndGlobalSection
	GlobalSection(ExtensibilityGlobals) = postSolution
		SolutionGuid = {AE33497C-C731-4F35-8315-6CB1E6BB35EE}
	EndGlobalSection
EndGlobal
